# This file is autogenerated, do not edit; changes may be undone by the next 'dep ensure'.


[[projects]]
  branch = "master"
  name = "github.com/favclip/genbase"
  packages = ["."]
  revision = "9308343633095f1e30c2e879e8a7af64f15273d0"

[[projects]]
  branch = "master"
  name = "github.com/golang/protobuf"
  packages = ["proto"]
  revision = "1e59b77b52bf8e4b449a57e6f79f21226d571845"

[[projects]]
  branch = "master"
  name = "github.com/mjibson/goon"
  packages = ["."]
  revision = "0cd9745d6b9c43c1de754769708fb2ac349d84b2"

[[projects]]
  branch = "master"
  name = "golang.org/x/net"
  packages = ["context"]
  revision = "a337091b0525af65de94df2eb7e98bd9962dcbe2"

[[projects]]
  branch = "master"
  name = "google.golang.org/appengine"
  packages = [".","aetest","datastore","internal","internal/app_identity","internal/base","internal/datastore","internal/log","internal/memcache","internal/modules","internal/remote_api","internal/user","log","memcache","user"]
  revision = "9d8544a6b2c7df9cff240fcf92d7b2f59bc13416"

[solve-meta]
  analyzer-name = "dep"
  analyzer-version = 1
  inputs-digest = "f8b34126d22c1a688c229cfb5ae633a826cfc9db6c942e18d96bfd8547c679c2"
  solver-name = "gps-cdcl"
  solver-version = 1
